
Microsoft Visual Studio Solution File, Format Version 12.00
# Visual Studio Version 17
VisualStudioVersion = 17.7.34202.233
MinimumVisualStudioVersion = 10.0.40219.1
Project("{FAE04EC0-301F-11D3-BF4B-00C04F79EFBC}") = "ServiceBMISize", "ServiceBMISize.csproj", "{6EFDD6CF-A232-4881-8ABD-A53A112444CC}"
EndProject
Global
	GlobalSection(SolutionConfigurationPlatforms) = preSolution
		Debug|Any CPU = Debug|Any CPU
		Release|Any CPU = Release|Any CPU
	EndGlobalSection
	GlobalSection(ProjectConfigurationPlatforms) = postSolution
		{6EFDD6CF-A232-4881-8ABD-A53A112444CC}.Debug|Any CPU.ActiveCfg = Debug|Any CPU
		{6EFDD6CF-A232-4881-8ABD-A53A112444CC}.Debug|Any CPU.Build.0 = Debug|Any CPU
		{6EFDD6CF-A232-4881-8ABD-A53A112444CC}.Release|Any CPU.ActiveCfg = Release|Any CPU
		{6EFDD6CF-A232-4881-8ABD-A53A112444CC}.Release|Any CPU.Build.0 = Release|Any CPU
	EndGlobalSection
	GlobalSection(SolutionProperties) = preSolution
		HideSolutionNode = FALSE
	EndGlobalSection
	GlobalSection(ExtensibilityGlobals) = postSolution
		SolutionGuid = {2BBE5E2D-1CE1-4D5F-8813-299AA7D2D095}
	EndGlobalSection
EndGlobal
